// !$*UTF8*$!
{
	archiveVersion = 1;
	classes = {
	};
	objectVersion = 46;
	objects = {

/* Begin PBXBuildFile section */
		B36907A71B16398A0090E2E8 /* main.m in Sources */ = {isa = PBXBuildFile; fileRef = B36907A61B16398A0090E2E8 /* main.m */; };
		B36907AA1B16398A0090E2E8 /* AppDelegate.m in Sources */ = {isa = PBXBuildFile; fileRef = B36907A91B16398A0090E2E8 /* AppDelegate.m */; };
		B36907AD1B16398A0090E2E8 /* ViewController.m in Sources */ = {isa = PBXBuildFile; fileRef = B36907AC1B16398A0090E2E8 /* ViewController.m */; };
		B36907B01B16398A0090E2E8 /* Main.storyboard in Resources */ = {isa = PBXBuildFile; fileRef = B36907AE1B16398A0090E2E8 /* Main.storyboard */; };
		B36907B21B16398A0090E2E8 /* Images.xcassets in Resources */ = {isa = PBXBuildFile; fileRef = B36907B11B16398A0090E2E8 /* Images.xcassets */; };
		B36907B51B16398A0090E2E8 /* LaunchScreen.xib in Resources */ = {isa = PBXBuildFile; fileRef = B36907B31B16398A0090E2E8 /* LaunchScreen.xib */; };
		B36907C11B16398A0090E2E8 /* RespringTests.m in Sources */ = {isa = PBXBuildFile; fileRef = B36907C01B16398A0090E2E8 /* RespringTests.m */; };
/* End PBXBuildFile section */

/* Begin PBXContainerItemProxy section */
		B36907BB1B16398A0090E2E8 /* PBXContainerItemProxy */ = {
			isa = PBXContainerItemProxy;
			containerPortal = B36907991B16398A0090E2E8 /* Project object */;
			proxyType = 1;
			remoteGlobalIDString = B36907A01B16398A0090E2E8;
			remoteInfo = Respring;
		};
/* End PBXContainerItemProxy section */

/* Begin PBXFileReference section */
		B36907A11B16398A0090E2E8 /* Respring.app */ = {isa = PBXFileReference; explicitFileType = wrapper.application; includeInIndex = 0; path = Respring.app; sourceTree = BUILT_PRODUCTS_DIR; };
		B36907A51B16398A0090E2E8 /* Info.plist */ = {isa = PBXFileReference; lastKnownFileType = text.plist.xml; path = Info.plist; sourceTree = "<group>"; };
		B36907A61B16398A0090E2E8 /* main.m */ = {isa = PBXFileReference; lastKnownFileType = sourcecode.c.objc; path = main.m; sourceTree = "<group>"; };
		B36907A81B16398A0090E2E8 /* AppDelegate.h */ = {isa = PBXFileReference; lastKnownFileType = sourcecode.c.h; path = AppDelegate.h; sourceTree = "<group>"; };
		B36907A91B16398A0090E2E8 /* AppDelegate.m */ = {isa = PBXFileReference; lastKnownFileType = sourcecode.c.objc; path = AppDelegate.m; sourceTree = "<group>"; };
		B36907AB1B16398A0090E2E8 /* ViewController.h */ = {isa = PBXFileReference; lastKnownFileType = sourcecode.c.h; path = ViewController.h; sourceTree = "<group>"; };
		B36907AC1B16398A0090E2E8 /* ViewController.m */ = {isa = PBXFileReference; lastKnownFileType = sourcecode.c.objc; path = ViewController.m; sourceTree = "<group>"; };
		B36907AF1B16398A0090E2E8 /* Base */ = {isa = PBXFileReference; lastKnownFileType = file.storyboard; name = Base; path = Base.lproj/Main.storyboard; sourceTree = "<group>"; };
		B36907B11B16398A0090E2E8 /* Images.xcassets */ = {isa = PBXFileReference; lastKnownFileType = folder.assetcatalog; path = Images.xcassets; sourceTree = "<group>"; };
		B36907B41B16398A0090E2E8 /* Base */ = {isa = PBXFileReference; lastKnownFileType = file.xib; name = Base; path = Base.lproj/LaunchScreen.xib; sourceTree = "<group>"; };
		B36907BA1B16398A0090E2E8 /* RespringTests.xctest */ = {isa = PBXFileReference; explicitFileType = wrapper.cfbundle; includeInIndex = 0; path = RespringTests.xctest; sourceTree = BUILT_PRODUCTS_DIR; };
		B36907BF1B16398A0090E2E8 /* Info.plist */ = {isa = PBXFileReference; lastKnownFileType = text.plist.xml; path = Info.plist; sourceTree = "<group>"; };
		B36907C01B16398A0090E2E8 /* RespringTests.m */ = {isa = PBXFileReference; lastKnownFileType = sourcecode.c.objc; path = RespringTests.m; sourceTree = "<group>"; };
/* End PBXFileReference section */

/* Begin PBXFrameworksBuildPhase section */
		B369079E1B16398A0090E2E8 /* Frameworks */ = {
			isa = PBXFrameworksBuildPhase;
			buildActionMask = 2147483647;
			files = (
			);
			runOnlyForDeploymentPostprocessing = 0;
		};
		B36907B71B16398A0090E2E8 /* Frameworks */ = {
			isa = PBXFrameworksBuildPhase;
			buildActionMask = 2147483647;
			files = (
			);
			runOnlyForDeploymentPostprocessing = 0;
		};
/* End PBXFrameworksBuildPhase section */

/* Begin PBXGroup section */
		B36907981B16398A0090E2E8 = {
			isa = PBXGroup;
			children = (
				B36907A31B16398A0090E2E8 /* Respring */,
				B36907BD1B16398A0090E2E8 /* RespringTests */,
				B36907A21B16398A0090E2E8 /* Products */,
			);
			sourceTree = "<group>";
		};
		B36907A21B16398A0090E2E8 /* Products */ = {
			isa = PBXGroup;
			children = (
				B36907A11B16398A0090E2E8 /* Respring.app */,
				B36907BA1B16398A0090E2E8 /* RespringTests.xctest */,
			);
			name = Products;
			sourceTree = "<group>";
		};
		B36907A31B16398A0090E2E8 /* Respring */ = {
			isa = PBXGroup;
			children = (
				B36907A81B16398A0090E2E8 /* AppDelegate.h */,
				B36907A91B16398A0090E2E8 /* AppDelegate.m */,
				B36907AB1B16398A0090E2E8 /* ViewController.h */,
				B36907AC1B16398A0090E2E8 /* ViewController.m */,
				B36907AE1B16398A0090E2E8 /* Main.storyboard */,
				B36907B11B16398A0090E2E8 /* Images.xcassets */,
				B36907B31B16398A0090E2E8 /* LaunchScreen.xib */,
				B36907A41B16398A0090E2E8 /* Supporting Files */,
			);
			path = Respring;
			sourceTree = "<group>";
		};
		B36907A41B16398A0090E2E8 /* Supporting Files */ = {
			isa = PBXGroup;
			children = (
				B36907A51B16398A0090E2E8 /* Info.plist */,
				B36907A61B16398A0090E2E8 /* main.m */,
			);
			name = "Supporting Files";
			sourceTree = "<group>";
		};
		B36907BD1B16398A0090E2E8 /* RespringTests */ = {
			isa = PBXGroup;
			children = (
				B36907C01B16398A0090E2E8 /* RespringTests.m */,
				B36907BE1B16398A0090E2E8 /* Supporting Files */,
			);
			path = RespringTests;
			sourceTree = "<group>";
		};
		B36907BE1B16398A0090E2E8 /* Supporting Files */ = {
			isa = PBXGroup;
			children = (
				B36907BF1B16398A0090E2E8 /* Info.plist */,
			);
			name = "Supporting Files";
			sourceTree = "<group>";
		};
/* End PBXGroup section */

/* Begin PBXNativeTarget section */
		B36907A01B16398A0090E2E8 /* Respring */ = {
			isa = PBXNativeTarget;
			buildConfigurationList = B36907C41B16398A0090E2E8 /* Build configuration list for PBXNativeTarget "Respring" */;
			buildPhases = (
				B369079D1B16398A0090E2E8 /* Sources */,
				B369079E1B16398A0090E2E8 /* Frameworks */,
				B369079F1B16398A0090E2E8 /* Resources */,
			);
			buildRules = (
			);
			dependencies = (
			);
			name = Respring;
			productName = Respring;
			productReference = B36907A11B16398A0090E2E8 /* Respring.app */;
			productType = "com.apple.product-type.application";
		};
		B36907B91B16398A0090E2E8 /* RespringTests */ = {
			isa = PBXNativeTarget;
			buildConfigurationList = B36907C71B16398A0090E2E8 /* Build configuration list for PBXNativeTarget "RespringTests" */;
			buildPhases = (
				B36907B61B16398A0090E2E8 /* Sources */,
				B36907B71B16398A0090E2E8 /* Frameworks */,
				B36907B81B16398A0090E2E8 /* Resources */,
			);
			buildRules = (
			);
			dependencies = (
				B36907BC1B16398A0090E2E8 /* PBXTargetDependency */,
			);
			name = RespringTests;
			productName = RespringTests;
			productReference = B36907BA1B16398A0090E2E8 /* RespringTests.xctest */;
			productType = "com.apple.product-type.bundle.unit-test";
		};
/* End PBXNativeTarget section */

/* Begin PBXProject section */
		B36907991B16398A0090E2E8 /* Project object */ = {
			isa = PBXProject;
			attributes = {
				LastUpgradeCheck = 0630;
				TargetAttributes = {
					B36907A01B16398A0090E2E8 = {
						CreatedOnToolsVersion = 6.3.2;
					};
					B36907B91B16398A0090E2E8 = {
						CreatedOnToolsVersion = 6.3.2;
						TestTargetID = B36907A01B16398A0090E2E8;
					};
				};
			};
			buildConfigurationList = B369079C1B16398A0090E2E8 /* Build configuration list for PBXProject "Respring" */;
			compatibilityVersion = "Xcode 3.2";
			developmentRegion = English;
			hasScannedForEncodings = 0;
			knownRegions = (
				en,
				Base,
			);
			mainGroup = B36907981B16398A0090E2E8;
			productRefGroup = B36907A21B16398A0090E2E8 /* Products */;
			projectDirPath = "";
			projectRoot = "";
			targets = (
				B36907A01B16398A0090E2E8 /* Respring */,
				B36907B91B16398A0090E2E8 /* RespringTests */,
			);
		};
/* End PBXProject section */

/* Begin PBXResourcesBuildPhase section */
		B369079F1B16398A0090E2E8 /* Resources */ = {
			isa = PBXResourcesBuildPhase;
			buildActionMask = 2147483647;
			files = (
				B36907B01B16398A0090E2E8 /* Main.storyboard in Resources */,
				B36907B51B16398A0090E2E8 /* LaunchScreen.xib in Resources */,
				B36907B21B16398A0090E2E8 /* Images.xcassets in Resources */,
			);
			runOnlyForDeploymentPostprocessing = 0;
		};
		B36907B81B16398A0090E2E8 /* Resources */ = {
			isa = PBXResourcesBuildPhase;
			buildActionMask = 2147483647;
			files = (
			);
			runOnlyForDeploymentPostprocessing = 0;
		};
/* End PBXResourcesBuildPhase section */

/* Begin PBXSourcesBuildPhase section */
		B369079D1B16398A0090E2E8 /* Sources */ = {
			isa = PBXSourcesBuildPhase;
			buildActionMask = 2147483647;
			files = (
				B36907AD1B16398A0090E2E8 /* ViewController.m in Sources */,
				B36907AA1B16398A0090E2E8 /* AppDelegate.m in Sources */,
				B36907A71B16398A0090E2E8 /* main.m in Sources */,
			);
			runOnlyForDeploymentPostprocessing = 0;
		};
		B36907B61B16398A0090E2E8 /* Sources */ = {
			isa = PBXSourcesBuildPhase;
			buildActionMask = 2147483647;
			files = (
				B36907C11B16398A0090E2E8 /* RespringTests.m in Sources */,
			);
			runOnlyForDeploymentPostprocessing = 0;
		};
/* End PBXSourcesBuildPhase section */

/* Begin PBXTargetDependency section */
		B36907BC1B16398A0090E2E8 /* PBXTargetDependency */ = {
			isa = PBXTargetDependency;
			target = B36907A01B16398A0090E2E8 /* Respring */;
			targetProxy = B36907BB1B16398A0090E2E8 /* PBXContainerItemProxy */;
		};
/* End PBXTargetDependency section */

/* Begin PBXVariantGroup section */
		B36907AE1B16398A0090E2E8 /* Main.storyboard */ = {
			isa = PBXVariantGroup;
			children = (
				B36907AF1B16398A0090E2E8 /* Base */,
			);
			name = Main.storyboard;
			sourceTree = "<group>";
		};
		B36907B31B16398A0090E2E8 /* LaunchScreen.xib */ = {
			isa = PBXVariantGroup;
			children = (
				B36907B41B16398A0090E2E8 /* Base */,
			);
			name = LaunchScreen.xib;
			sourceTree = "<group>";
		};
/* End PBXVariantGroup section */

/* Begin XCBuildConfiguration section */
		B36907C21B16398A0090E2E8 /* Debug */ = {
			isa = XCBuildConfiguration;
			buildSettings = {
				ALWAYS_SEARCH_USER_PATHS = NO;
				CLANG_CXX_LANGUAGE_STANDARD = "gnu++0x";
				CLANG_CXX_LIBRARY = "libc++";
				CLANG_ENABLE_MODULES = YES;
				CLANG_ENABLE_OBJC_ARC = YES;
				CLANG_WARN_BOOL_CONVERSION = YES;
				CLANG_WARN_CONSTANT_CONVERSION = YES;
				CLANG_WARN_DIRECT_OBJC_ISA_USAGE = YES_ERROR;
				CLANG_WARN_EMPTY_BODY = YES;
				CLANG_WARN_ENUM_CONVERSION = YES;
				CLANG_WARN_INT_CONVERSION = YES;
				CLANG_WARN_OBJC_ROOT_CLASS = YES_ERROR;
				CLANG_WARN_UNREACHABLE_CODE = YES;
				CLANG_WARN__DUPLICATE_METHOD_MATCH = YES;
				"CODE_SIGN_IDENTITY[sdk=iphoneos*]" = "iPhone Developer";
				COPY_PHASE_STRIP = NO;
				DEBUG_INFORMATION_FORMAT = "dwarf-with-dsym";
				ENABLE_STRICT_OBJC_MSGSEND = YES;
				GCC_C_LANGUAGE_STANDARD = gnu99;
				GCC_DYNAMIC_NO_PIC = NO;
				GCC_NO_COMMON_BLOCKS = YES;
				GCC_OPTIMIZATION_LEVEL = 0;
				GCC_PREPROCESSOR_DEFINITIONS = (
					"DEBUG=1",
					"$(inherited)",
				);
				GCC_SYMBOLS_PRIVATE_EXTERN = NO;
				GCC_WARN_64_TO_32_BIT_CONVERSION = YES;
				GCC_WARN_ABOUT_RETURN_TYPE = YES_ERROR;
				GCC_WARN_UNDECLARED_SELECTOR = YES;
				GCC_WARN_UNINITIALIZED_AUTOS = YES_AGGRESSIVE;
				GCC_WARN_UNUSED_FUNCTION = YES;
				GCC_WARN_UNUSED_VARIABLE = YES;
				IPHONEOS_DEPLOYMENT_TARGET = 8.3;
				MTL_ENABLE_DEBUG_INFO = YES;
				ONLY_ACTIVE_ARCH = YES;
				SDKROOT = iphoneos;
				TARGETED_DEVICE_FAMILY = "1,2";
			};
			name = Debug;
		};
		B36907C31B16398A0090E2E8 /* Release */ = {
			isa = XCBuildConfiguration;
			buildSettings = {
				ALWAYS_SEARCH_USER_PATHS = NO;
				CLANG_CXX_LANGUAGE_STANDARD = "gnu++0x";
				CLANG_CXX_LIBRARY = "libc++";
				CLANG_ENABLE_MODULES = YES;
				CLANG_ENABLE_OBJC_ARC = YES;
				CLANG_WARN_BOOL_CONVERSION = YES;
				CLANG_WARN_CONSTANT_CONVERSION = YES;
				CLANG_WARN_DIRECT_OBJC_ISA_USAGE = YES_ERROR;
				CLANG_WARN_EMPTY_BODY = YES;
				CLANG_WARN_ENUM_CONVERSION = YES;
				CLANG_WARN_INT_CONVERSION = YES;
				CLANG_WARN_OBJC_ROOT_CLASS = YES_ERROR;
				CLANG_WARN_UNREACHABLE_CODE = YES;
				CLANG_WARN__DUPLICATE_METHOD_MATCH = YES;
				"CODE_SIGN_IDENTITY[sdk=iphoneos*]" = "iPhone Developer";
				COPY_PHASE_STRIP = NO;
				DEBUG_INFORMATION_FORMAT = "dwarf-with-dsym";
				ENABLE_NS_ASSERTIONS = NO;
				ENABLE_STRICT_OBJC_MSGSEND = YES;
				GCC_C_LANGUAGE_STANDARD = gnu99;
				GCC_NO_COMMON_BLOCKS = YES;
				GCC_WARN_64_TO_32_BIT_CONVERSION = YES;
				GCC_WARN_ABOUT_RETURN_TYPE = YES_ERROR;
				GCC_WARN_UNDECLARED_SELECTOR = YES;
				GCC_WARN_UNINITIALIZED_AUTOS = YES_AGGRESSIVE;
				GCC_WARN_UNUSED_FUNCTION = YES;
				GCC_WARN_UNUSED_VARIABLE = YES;
				IPHONEOS_DEPLOYMENT_TARGET = 8.3;
				MTL_ENABLE_DEBUG_INFO = NO;
				SDKROOT = iphoneos;
				TARGETED_DEVICE_FAMILY = "1,2";
				VALIDATE_PRODUCT = YES;
			};
			name = Release;
		};
		B36907C51B16398A0090E2E8 /* Debug */ = {
			isa = XCBuildConfiguration;
			buildSettings = {
				ASSETCATALOG_COMPILER_APPICON_NAME = AppIcon;
				INFOPLIST_FILE = Respring/Info.plist;
				LD_RUNPATH_SEARCH_PATHS = "$(inherited) @executable_path/Frameworks";
				PRODUCT_NAME = "$(TARGET_NAME)";
			};
			name = Debug;
		};
		B36907C61B16398A0090E2E8 /* Release */ = {
			isa = XCBuildConfiguration;
			buildSettings = {
				ASSETCATALOG_COMPILER_APPICON_NAME = AppIcon;
				INFOPLIST_FILE = Respring/Info.plist;
				LD_RUNPATH_SEARCH_PATHS = "$(inherited) @executable_path/Frameworks";
				PRODUCT_NAME = "$(TARGET_NAME)";
			};
			name = Release;
		};
		B36907C81B16398A0090E2E8 /* Debug */ = {
			isa = XCBuildConfiguration;
			buildSettings = {
				BUNDLE_LOADER = "$(TEST_HOST)";
				FRAMEWORK_SEARCH_PATHS = (
					"$(SDKROOT)/Developer/Library/Frameworks",
					"$(inherited)",
				);
				GCC_PREPROCESSOR_DEFINITIONS = (
					"DEBUG=1",
					"$(inherited)",
				);
				INFOPLIST_FILE = RespringTests/Info.plist;
				LD_RUNPATH_SEARCH_PATHS = "$(inherited) @executable_path/Frameworks @loader_path/Frameworks";
				PRODUCT_NAME = "$(TARGET_NAME)";
				TEST_HOST = "$(BUILT_PRODUCTS_DIR)/Respring.app/Respring";
			};
			name = Debug;
		};
		B36907C91B16398A0090E2E8 /* Release */ = {
			isa = XCBuildConfiguration;
			buildSettings = {
				BUNDLE_LOADER = "$(TEST_HOST)";
				FRAMEWORK_SEARCH_PATHS = (
					"$(SDKROOT)/Developer/Library/Frameworks",
					"$(inherited)",
				);
				INFOPLIST_FILE = RespringTests/Info.plist;
				LD_RUNPATH_SEARCH_PATHS = "$(inherited) @executable_path/Frameworks @loader_path/Frameworks";
				PRODUCT_NAME = "$(TARGET_NAME)";
				TEST_HOST = "$(BUILT_PRODUCTS_DIR)/Respring.app/Respring";
			};
			name = Release;
		};
/* End XCBuildConfiguration section */

/* Begin XCConfigurationList section */
		B369079C1B16398A0090E2E8 /* Build configuration list for PBXProject "Respring" */ = {
			isa = XCConfigurationList;
			buildConfigurations = (
				B36907C21B16398A0090E2E8 /* Debug */,
				B36907C31B16398A0090E2E8 /* Release */,
			);
			defaultConfigurationIsVisible = 0;
			defaultConfigurationName = Release;
		};
		B36907C41B16398A0090E2E8 /* Build configuration list for PBXNativeTarget "Respring" */ = {
			isa = XCConfigurationList;
			buildConfigurations = (
				B36907C51B16398A0090E2E8 /* Debug */,
				B36907C61B16398A0090E2E8 /* Release */,
			);
			defaultConfigurationIsVisible = 0;
			defaultConfigurationName = Release;
		};
		B36907C71B16398A0090E2E8 /* Build configuration list for PBXNativeTarget "RespringTests" */ = {
			isa = XCConfigurationList;
			buildConfigurations = (
				B36907C81B16398A0090E2E8 /* Debug */,
				B36907C91B16398A0090E2E8 /* Release */,
			);
			defaultConfigurationIsVisible = 0;
			defaultConfigurationName = Release;
		};
/* End XCConfigurationList section */
	};
	rootObject = B36907991B16398A0090E2E8 /* Project object */;
}
